
Microsoft Visual Studio Solution File, Format Version 12.00
# Visual Studio Version 17
VisualStudioVersion = 17.1.32210.238
MinimumVisualStudioVersion = 10.0.40219.1
Project("{FAE04EC0-301F-11D3-BF4B-00C04F79EFBC}") = "ChristmasChallenge", "ChristmasChallenge\ChristmasChallenge.csproj", "{F9A5D351-FAFA-460C-B346-FA82E6684A69}"
EndProject
Global
	GlobalSection(SolutionConfigurationPlatforms) = preSolution
		Debug|Any CPU = Debug|Any CPU
		Release|Any CPU = Release|Any CPU
	EndGlobalSection
	GlobalSection(ProjectConfigurationPlatforms) = postSolution
		{F9A5D351-FAFA-460C-B346-FA82E6684A69}.Debug|Any CPU.ActiveCfg = Debug|Any CPU
		{F9A5D351-FAFA-460C-B346-FA82E6684A69}.Debug|Any CPU.Build.0 = Debug|Any CPU
		{F9A5D351-FAFA-460C-B346-FA82E6684A69}.Release|Any CPU.ActiveCfg = Release|Any CPU
		{F9A5D351-FAFA-460C-B346-FA82E6684A69}.Release|Any CPU.Build.0 = Release|Any CPU
	EndGlobalSection
	GlobalSection(SolutionProperties) = preSolution
		HideSolutionNode = FALSE
	EndGlobalSection
	GlobalSection(ExtensibilityGlobals) = postSolution
		SolutionGuid = {D758B5A7-4ACD-4A73-B95A-3A3762FB7BEB}
	EndGlobalSection
EndGlobal
